
Microsoft Visual Studio Solution File, Format Version 12.00
# Visual Studio 15
VisualStudioVersion = 15.0.33801.198
MinimumVisualStudioVersion = 10.0.40219.1
Project("{8BC9CEB8-8B4A-11D0-8D11-00A0C91BC942}") = "OOP_1.0", "OOP2\OOP2.vcxproj", "{984762E2-5EBB-44F4-84B1-34B32172C31A}"
EndProject
Project("{8BC9CEB8-8B4A-11D0-8D11-00A0C91BC942}") = "OOP_1.2", "ConsoleApplication1\ConsoleApplication1.vcxproj", "{3D15EADF-F6CD-4477-A744-4705808E1684}"
EndProject
Project("{8BC9CEB8-8B4A-11D0-8D11-00A0C91BC942}") = "OOP_1.1", "OOP_1.1\OOP_1.1.vcxproj", "{C85FD234-DE22-46AE-9617-96BE84E96216}"
EndProject
Project("{8BC9CEB8-8B4A-11D0-8D11-00A0C91BC942}") = "OOP_3.1", "OOP_3.1\OOP_3.1.vcxproj", "{68F7BA49-4781-4049-90AE-16F881EFA527}"
EndProject
Project("{8BC9CEB8-8B4A-11D0-8D11-00A0C91BC942}") = "OOP_3.2", "OOP_3.2\OOP_3.2.vcxproj", "{0EEE53B6-6D7F-47B9-B71B-49FA0440CDFB}"
EndProject
Project("{8BC9CEB8-8B4A-11D0-8D11-00A0C91BC942}") = "OOP_3.3", "OOP_3.3\OOP_3.3.vcxproj", "{647DE057-812C-444C-B2F6-6348E50DCDCE}"
EndProject
Project("{8BC9CEB8-8B4A-11D0-8D11-00A0C91BC942}") = "OOP_3.4", "OOP_3.4\OOP_3.4.vcxproj", "{66C2B6D2-2288-4AD7-A4F3-632A6039DD9D}"
EndProject
Project("{8BC9CEB8-8B4A-11D0-8D11-00A0C91BC942}") = "OOP_3.5", "OOP_3.5\OOP_3.5.vcxproj", "{ACEF21AF-40A6-4486-99BA-FE5B014C1566}"
EndProject
Project("{8BC9CEB8-8B4A-11D0-8D11-00A0C91BC942}") = "OOP_3.6", "OOP_3.6\OOP_3.6.vcxproj", "{ABE65576-A674-4240-A747-5AABFE404747}"
EndProject
Project("{8BC9CEB8-8B4A-11D0-8D11-00A0C91BC942}") = "OOP_3.7", "OOP_3.7\OOP_3.7.vcxproj", "{DF591088-2B75-4BD2-ABA7-2BAA383B99A5}"
EndProject
Project("{8BC9CEB8-8B4A-11D0-8D11-00A0C91BC942}") = "OOP_3.8", "OOP_3.8\OOP_3.8.vcxproj", "{2988633A-2521-4DA4-AE02-2EA3BF3F8854}"
EndProject
Project("{8BC9CEB8-8B4A-11D0-8D11-00A0C91BC942}") = "OOP_3.9", "OOP_3.9\OOP_3.9.vcxproj", "{33AD045E-1EFD-402A-825B-3006B9AE1F35}"
EndProject
Global
	GlobalSection(SolutionConfigurationPlatforms) = preSolution
		Debug|x64 = Debug|x64
		Debug|x86 = Debug|x86
		Release|x64 = Release|x64
		Release|x86 = Release|x86
	EndGlobalSection
	GlobalSection(ProjectConfigurationPlatforms) = postSolution
		{984762E2-5EBB-44F4-84B1-34B32172C31A}.Debug|x64.ActiveCfg = Debug|x64
		{984762E2-5EBB-44F4-84B1-34B32172C31A}.Debug|x64.Build.0 = Debug|x64
		{984762E2-5EBB-44F4-84B1-34B32172C31A}.Debug|x86.ActiveCfg = Debug|Win32
		{984762E2-5EBB-44F4-84B1-34B32172C31A}.Debug|x86.Build.0 = Debug|Win32
		{984762E2-5EBB-44F4-84B1-34B32172C31A}.Release|x64.ActiveCfg = Release|x64
		{984762E2-5EBB-44F4-84B1-34B32172C31A}.Release|x64.Build.0 = Release|x64
		{984762E2-5EBB-44F4-84B1-34B32172C31A}.Release|x86.ActiveCfg = Release|Win32
		{984762E2-5EBB-44F4-84B1-34B32172C31A}.Release|x86.Build.0 = Release|Win32
		{3D15EADF-F6CD-4477-A744-4705808E1684}.Debug|x64.ActiveCfg = Debug|x64
		{3D15EADF-F6CD-4477-A744-4705808E1684}.Debug|x64.Build.0 = Debug|x64
		{3D15EADF-F6CD-4477-A744-4705808E1684}.Debug|x86.ActiveCfg = Debug|Win32
		{3D15EADF-F6CD-4477-A744-4705808E1684}.Debug|x86.Build.0 = Debug|Win32
		{3D15EADF-F6CD-4477-A744-4705808E1684}.Release|x64.ActiveCfg = Release|x64
		{3D15EADF-F6CD-4477-A744-4705808E1684}.Release|x64.Build.0 = Release|x64
		{3D15EADF-F6CD-4477-A744-4705808E1684}.Release|x86.ActiveCfg = Release|Win32
		{3D15EADF-F6CD-4477-A744-4705808E1684}.Release|x86.Build.0 = Release|Win32
		{C85FD234-DE22-46AE-9617-96BE84E96216}.Debug|x64.ActiveCfg = Debug|x64
		{C85FD234-DE22-46AE-9617-96BE84E96216}.Debug|x64.Build.0 = Debug|x64
		{C85FD234-DE22-46AE-9617-96BE84E96216}.Debug|x86.ActiveCfg = Debug|Win32
		{C85FD234-DE22-46AE-9617-96BE84E96216}.Debug|x86.Build.0 = Debug|Win32
		{C85FD234-DE22-46AE-9617-96BE84E96216}.Release|x64.ActiveCfg = Release|x64
		{C85FD234-DE22-46AE-9617-96BE84E96216}.Release|x64.Build.0 = Release|x64
		{C85FD234-DE22-46AE-9617-96BE84E96216}.Release|x86.ActiveCfg = Release|Win32
		{C85FD234-DE22-46AE-9617-96BE84E96216}.Release|x86.Build.0 = Release|Win32
		{68F7BA49-4781-4049-90AE-16F881EFA527}.Debug|x64.ActiveCfg = Debug|x64
		{68F7BA49-4781-4049-90AE-16F881EFA527}.Debug|x64.Build.0 = Debug|x64
		{68F7BA49-4781-4049-90AE-16F881EFA527}.Debug|x86.ActiveCfg = Debug|Win32
		{68F7BA49-4781-4049-90AE-16F881EFA527}.Debug|x86.Build.0 = Debug|Win32
		{68F7BA49-4781-4049-90AE-16F881EFA527}.Release|x64.ActiveCfg = Release|x64
		{68F7BA49-4781-4049-90AE-16F881EFA527}.Release|x64.Build.0 = Release|x64
		{68F7BA49-4781-4049-90AE-16F881EFA527}.Release|x86.ActiveCfg = Release|Win32
		{68F7BA49-4781-4049-90AE-16F881EFA527}.Release|x86.Build.0 = Release|Win32
		{0EEE53B6-6D7F-47B9-B71B-49FA0440CDFB}.Debug|x64.ActiveCfg = Debug|x64
		{0EEE53B6-6D7F-47B9-B71B-49FA0440CDFB}.Debug|x64.Build.0 = Debug|x64
		{0EEE53B6-6D7F-47B9-B71B-49FA0440CDFB}.Debug|x86.ActiveCfg = Debug|Win32
		{0EEE53B6-6D7F-47B9-B71B-49FA0440CDFB}.Debug|x86.Build.0 = Debug|Win32
		{0EEE53B6-6D7F-47B9-B71B-49FA0440CDFB}.Release|x64.ActiveCfg = Release|x64
		{0EEE53B6-6D7F-47B9-B71B-49FA0440CDFB}.Release|x64.Build.0 = Release|x64
		{0EEE53B6-6D7F-47B9-B71B-49FA0440CDFB}.Release|x86.ActiveCfg = Release|Win32
		{0EEE53B6-6D7F-47B9-B71B-49FA0440CDFB}.Release|x86.Build.0 = Release|Win32
		{647DE057-812C-444C-B2F6-6348E50DCDCE}.Debug|x64.ActiveCfg = Debug|x64
		{647DE057-812C-444C-B2F6-6348E50DCDCE}.Debug|x64.Build.0 = Debug|x64
		{647DE057-812C-444C-B2F6-6348E50DCDCE}.Debug|x86.ActiveCfg = Debug|Win32
		{647DE057-812C-444C-B2F6-6348E50DCDCE}.Debug|x86.Build.0 = Debug|Win32
		{647DE057-812C-444C-B2F6-6348E50DCDCE}.Release|x64.ActiveCfg = Release|x64
		{647DE057-812C-444C-B2F6-6348E50DCDCE}.Release|x64.Build.0 = Release|x64
		{647DE057-812C-444C-B2F6-6348E50DCDCE}.Release|x86.ActiveCfg = Release|Win32
		{647DE057-812C-444C-B2F6-6348E50DCDCE}.Release|x86.Build.0 = Release|Win32
		{66C2B6D2-2288-4AD7-A4F3-632A6039DD9D}.Debug|x64.ActiveCfg = Debug|x64
		{66C2B6D2-2288-4AD7-A4F3-632A6039DD9D}.Debug|x64.Build.0 = Debug|x64
		{66C2B6D2-2288-4AD7-A4F3-632A6039DD9D}.Debug|x86.ActiveCfg = Debug|Win32
		{66C2B6D2-2288-4AD7-A4F3-632A6039DD9D}.Debug|x86.Build.0 = Debug|Win32
		{66C2B6D2-2288-4AD7-A4F3-632A6039DD9D}.Release|x64.ActiveCfg = Release|x64
		{66C2B6D2-2288-4AD7-A4F3-632A6039DD9D}.Release|x64.Build.0 = Release|x64
		{66C2B6D2-2288-4AD7-A4F3-632A6039DD9D}.Release|x86.ActiveCfg = Release|Win32
		{66C2B6D2-2288-4AD7-A4F3-632A6039DD9D}.Release|x86.Build.0 = Release|Win32
		{ACEF21AF-40A6-4486-99BA-FE5B014C1566}.Debug|x64.ActiveCfg = Debug|x64
		{ACEF21AF-40A6-4486-99BA-FE5B014C1566}.Debug|x64.Build.0 = Debug|x64
		{ACEF21AF-40A6-4486-99BA-FE5B014C1566}.Debug|x86.ActiveCfg = Debug|Win32
		{ACEF21AF-40A6-4486-99BA-FE5B014C1566}.Debug|x86.Build.0 = Debug|Win32
		{ACEF21AF-40A6-4486-99BA-FE5B014C1566}.Release|x64.ActiveCfg = Release|x64
		{ACEF21AF-40A6-4486-99BA-FE5B014C1566}.Release|x64.Build.0 = Release|x64
		{ACEF21AF-40A6-4486-99BA-FE5B014C1566}.Release|x86.ActiveCfg = Release|Win32
		{ACEF21AF-40A6-4486-99BA-FE5B014C1566}.Release|x86.Build.0 = Release|Win32
		{ABE65576-A674-4240-A747-5AABFE404747}.Debug|x64.ActiveCfg = Debug|x64
		{ABE65576-A674-4240-A747-5AABFE404747}.Debug|x64.Build.0 = Debug|x64
		{ABE65576-A674-4240-A747-5AABFE404747}.Debug|x86.ActiveCfg = Debug|Win32
		{ABE65576-A674-4240-A747-5AABFE404747}.Debug|x86.Build.0 = Debug|Win32
		{ABE65576-A674-4240-A747-5AABFE404747}.Release|x64.ActiveCfg = Release|x64
		{ABE65576-A674-4240-A747-5AABFE404747}.Release|x64.Build.0 = Release|x64
		{ABE65576-A674-4240-A747-5AABFE404747}.Release|x86.ActiveCfg = Release|Win32
		{ABE65576-A674-4240-A747-5AABFE404747}.Release|x86.Build.0 = Release|Win32
		{DF591088-2B75-4BD2-ABA7-2BAA383B99A5}.Debug|x64.ActiveCfg = Debug|x64
		{DF591088-2B75-4BD2-ABA7-2BAA383B99A5}.Debug|x64.Build.0 = Debug|x64
		{DF591088-2B75-4BD2-ABA7-2BAA383B99A5}.Debug|x86.ActiveCfg = Debug|Win32
		{DF591088-2B75-4BD2-ABA7-2BAA383B99A5}.Debug|x86.Build.0 = Debug|Win32
		{DF591088-2B75-4BD2-ABA7-2BAA383B99A5}.Release|x64.ActiveCfg = Release|x64
		{DF591088-2B75-4BD2-ABA7-2BAA383B99A5}.Release|x64.Build.0 = Release|x64
		{DF591088-2B75-4BD2-ABA7-2BAA383B99A5}.Release|x86.ActiveCfg = Release|Win32
		{DF591088-2B75-4BD2-ABA7-2BAA383B99A5}.Release|x86.Build.0 = Release|Win32
		{2988633A-2521-4DA4-AE02-2EA3BF3F8854}.Debug|x64.ActiveCfg = Debug|x64
		{2988633A-2521-4DA4-AE02-2EA3BF3F8854}.Debug|x64.Build.0 = Debug|x64
		{2988633A-2521-4DA4-AE02-2EA3BF3F8854}.Debug|x86.ActiveCfg = Debug|Win32
		{2988633A-2521-4DA4-AE02-2EA3BF3F8854}.Debug|x86.Build.0 = Debug|Win32
		{2988633A-2521-4DA4-AE02-2EA3BF3F8854}.Release|x64.ActiveCfg = Release|x64
		{2988633A-2521-4DA4-AE02-2EA3BF3F8854}.Release|x64.Build.0 = Release|x64
		{2988633A-2521-4DA4-AE02-2EA3BF3F8854}.Release|x86.ActiveCfg = Release|Win32
		{2988633A-2521-4DA4-AE02-2EA3BF3F8854}.Release|x86.Build.0 = Release|Win32
		{33AD045E-1EFD-402A-825B-3006B9AE1F35}.Debug|x64.ActiveCfg = Debug|x64
		{33AD045E-1EFD-402A-825B-3006B9AE1F35}.Debug|x64.Build.0 = Debug|x64
		{33AD045E-1EFD-402A-825B-3006B9AE1F35}.Debug|x86.ActiveCfg = Debug|Win32
		{33AD045E-1EFD-402A-825B-3006B9AE1F35}.Debug|x86.Build.0 = Debug|Win32
		{33AD045E-1EFD-402A-825B-3006B9AE1F35}.Release|x64.ActiveCfg = Release|x64
		{33AD045E-1EFD-402A-825B-3006B9AE1F35}.Release|x64.Build.0 = Release|x64
		{33AD045E-1EFD-402A-825B-3006B9AE1F35}.Release|x86.ActiveCfg = Release|Win32
		{33AD045E-1EFD-402A-825B-3006B9AE1F35}.Release|x86.Build.0 = Release|Win32
	EndGlobalSection
	GlobalSection(SolutionProperties) = preSolution
		HideSolutionNode = FALSE
	EndGlobalSection
	GlobalSection(ExtensibilityGlobals) = postSolution
		SolutionGuid = {213CF27E-401B-487B-BA7A-F07AFA49C178}
	EndGlobalSection
EndGlobal
